
Microsoft Visual Studio Solution File, Format Version 12.00
# Visual Studio Version 17
VisualStudioVersion = 17.5.33530.505
MinimumVisualStudioVersion = 10.0.40219.1
Project("{9A19103F-16F7-4668-BE54-9A1E7A4F7556}") = "RapidPay", "RapidPay\RapidPay.csproj", "{DDE231D5-4D07-45ED-B255-B269351357DD}"
EndProject
Project("{9A19103F-16F7-4668-BE54-9A1E7A4F7556}") = "RapidPay.Tests", "RapidPay.Tests\RapidPay.Tests.csproj", "{75CC7DFC-0F88-462A-90B7-FF8943A7E88A}"
EndProject
Global
	GlobalSection(SolutionConfigurationPlatforms) = preSolution
		Debug|Any CPU = Debug|Any CPU
		Release|Any CPU = Release|Any CPU
	EndGlobalSection
	GlobalSection(ProjectConfigurationPlatforms) = postSolution
		{DDE231D5-4D07-45ED-B255-B269351357DD}.Debug|Any CPU.ActiveCfg = Debug|Any CPU
		{DDE231D5-4D07-45ED-B255-B269351357DD}.Debug|Any CPU.Build.0 = Debug|Any CPU
		{DDE231D5-4D07-45ED-B255-B269351357DD}.Release|Any CPU.ActiveCfg = Release|Any CPU
		{DDE231D5-4D07-45ED-B255-B269351357DD}.Release|Any CPU.Build.0 = Release|Any CPU
		{75CC7DFC-0F88-462A-90B7-FF8943A7E88A}.Debug|Any CPU.ActiveCfg = Debug|Any CPU
		{75CC7DFC-0F88-462A-90B7-FF8943A7E88A}.Debug|Any CPU.Build.0 = Debug|Any CPU
		{75CC7DFC-0F88-462A-90B7-FF8943A7E88A}.Release|Any CPU.ActiveCfg = Release|Any CPU
		{75CC7DFC-0F88-462A-90B7-FF8943A7E88A}.Release|Any CPU.Build.0 = Release|Any CPU
	EndGlobalSection
	GlobalSection(SolutionProperties) = preSolution
		HideSolutionNode = FALSE
	EndGlobalSection
	GlobalSection(ExtensibilityGlobals) = postSolution
		SolutionGuid = {E536198C-3F0B-4FB5-8C1A-250CBE2D0A92}
	EndGlobalSection
EndGlobal
